// !$*UTF8*$!
{
	archiveVersion = 1;
	classes = {
	};
	objectVersion = 55;
	objects = {

/* Begin PBXBuildFile section */
		005DB64E27A6D15000A0C74A /* RackController_ClientApp.swift in Sources */ = {isa = PBXBuildFile; fileRef = 005DB63E27A6D14E00A0C74A /* RackController_ClientApp.swift */; };
		005DB64F27A6D15000A0C74A /* RackController_ClientApp.swift in Sources */ = {isa = PBXBuildFile; fileRef = 005DB63E27A6D14E00A0C74A /* RackController_ClientApp.swift */; };
		005DB65027A6D15000A0C74A /* AppView.swift in Sources */ = {isa = PBXBuildFile; fileRef = 005DB63F27A6D14E00A0C74A /* AppView.swift */; };
		005DB65127A6D15000A0C74A /* AppView.swift in Sources */ = {isa = PBXBuildFile; fileRef = 005DB63F27A6D14E00A0C74A /* AppView.swift */; };
		005DB65227A6D15000A0C74A /* Assets.xcassets in Resources */ = {isa = PBXBuildFile; fileRef = 005DB64027A6D15000A0C74A /* Assets.xcassets */; };
		005DB65327A6D15000A0C74A /* Assets.xcassets in Resources */ = {isa = PBXBuildFile; fileRef = 005DB64027A6D15000A0C74A /* Assets.xcassets */; };
		005DB65F27A6D5C700A0C74A /* InfraView.swift in Sources */ = {isa = PBXBuildFile; fileRef = 005DB65E27A6D5C700A0C74A /* InfraView.swift */; };
		005DB66327A6D91500A0C74A /* AuthenticationClient.swift in Sources */ = {isa = PBXBuildFile; fileRef = 005DB66227A6D91500A0C74A /* AuthenticationClient.swift */; };
		005DB66427A6D91500A0C74A /* AuthenticationClient.swift in Sources */ = {isa = PBXBuildFile; fileRef = 005DB66227A6D91500A0C74A /* AuthenticationClient.swift */; };
		005DB66627A6DA8200A0C74A /* HomeView.swift in Sources */ = {isa = PBXBuildFile; fileRef = 005DB66527A6DA8200A0C74A /* HomeView.swift */; };
		005DB66727A6DA8200A0C74A /* HomeView.swift in Sources */ = {isa = PBXBuildFile; fileRef = 005DB66527A6DA8200A0C74A /* HomeView.swift */; };
		005DB66A27A6DD8D00A0C74A /* ServerSettings.swift in Sources */ = {isa = PBXBuildFile; fileRef = 005DB66927A6DD8D00A0C74A /* ServerSettings.swift */; };
		005DB66B27A6DD8D00A0C74A /* ServerSettings.swift in Sources */ = {isa = PBXBuildFile; fileRef = 005DB66927A6DD8D00A0C74A /* ServerSettings.swift */; };
		005DB67027A6F5A300A0C74A /* ServerConfigurationEditView.swift in Sources */ = {isa = PBXBuildFile; fileRef = 005DB66F27A6F5A300A0C74A /* ServerConfigurationEditView.swift */; };
/* End PBXBuildFile section */

/* Begin PBXFileReference section */
		005DB63E27A6D14E00A0C74A /* RackController_ClientApp.swift */ = {isa = PBXFileReference; lastKnownFileType = sourcecode.swift; path = RackController_ClientApp.swift; sourceTree = "<group>"; };
		005DB63F27A6D14E00A0C74A /* AppView.swift */ = {isa = PBXFileReference; lastKnownFileType = sourcecode.swift; path = AppView.swift; sourceTree = "<group>"; };
		005DB64027A6D15000A0C74A /* Assets.xcassets */ = {isa = PBXFileReference; lastKnownFileType = folder.assetcatalog; path = Assets.xcassets; sourceTree = "<group>"; };
		005DB64527A6D15000A0C74A /* RackController-Client.app */ = {isa = PBXFileReference; explicitFileType = wrapper.application; includeInIndex = 0; path = "RackController-Client.app"; sourceTree = BUILT_PRODUCTS_DIR; };
		005DB64B27A6D15000A0C74A /* RackController-Client.app */ = {isa = PBXFileReference; explicitFileType = wrapper.application; includeInIndex = 0; path = "RackController-Client.app"; sourceTree = BUILT_PRODUCTS_DIR; };
		005DB64D27A6D15000A0C74A /* macOS.entitlements */ = {isa = PBXFileReference; lastKnownFileType = text.plist.entitlements; path = macOS.entitlements; sourceTree = "<group>"; };
		005DB65E27A6D5C700A0C74A /* InfraView.swift */ = {isa = PBXFileReference; lastKnownFileType = sourcecode.swift; path = InfraView.swift; sourceTree = "<group>"; };
		005DB66227A6D91500A0C74A /* AuthenticationClient.swift */ = {isa = PBXFileReference; lastKnownFileType = sourcecode.swift; path = AuthenticationClient.swift; sourceTree = "<group>"; };
		005DB66527A6DA8200A0C74A /* HomeView.swift */ = {isa = PBXFileReference; lastKnownFileType = sourcecode.swift; path = HomeView.swift; sourceTree = "<group>"; };
		005DB66927A6DD8D00A0C74A /* ServerSettings.swift */ = {isa = PBXFileReference; lastKnownFileType = sourcecode.swift; path = ServerSettings.swift; sourceTree = "<group>"; };
		005DB66C27A6EF9100A0C74A /* Configuration.swift */ = {isa = PBXFileReference; lastKnownFileType = sourcecode.swift; path = Configuration.swift; sourceTree = "<group>"; };
		005DB66F27A6F5A300A0C74A /* ServerConfigurationEditView.swift */ = {isa = PBXFileReference; lastKnownFileType = sourcecode.swift; path = ServerConfigurationEditView.swift; sourceTree = "<group>"; };
/* End PBXFileReference section */

/* Begin PBXFrameworksBuildPhase section */
		005DB64227A6D15000A0C74A /* Frameworks */ = {
			isa = PBXFrameworksBuildPhase;
			buildActionMask = 2147483647;
			files = (
			);
			runOnlyForDeploymentPostprocessing = 0;
		};
		005DB64827A6D15000A0C74A /* Frameworks */ = {
			isa = PBXFrameworksBuildPhase;
			buildActionMask = 2147483647;
			files = (
			);
			runOnlyForDeploymentPostprocessing = 0;
		};
/* End PBXFrameworksBuildPhase section */

/* Begin PBXGroup section */
		005DB63827A6D14E00A0C74A = {
			isa = PBXGroup;
			children = (
				005DB63D27A6D14E00A0C74A /* main */,
				005DB64C27A6D15000A0C74A /* macOS */,
				005DB64627A6D15000A0C74A /* Products */,
			);
			sourceTree = "<group>";
		};
		005DB63D27A6D14E00A0C74A /* main */ = {
			isa = PBXGroup;
			children = (
				005DB66827A6DD7200A0C74A /* Config */,
				005DB66027A6D5FB00A0C74A /* Services */,
				005DB65C27A6D56000A0C74A /* Views */,
				005DB63E27A6D14E00A0C74A /* RackController_ClientApp.swift */,
				005DB64027A6D15000A0C74A /* Assets.xcassets */,
			);
			path = main;
			sourceTree = "<group>";
		};
		005DB64627A6D15000A0C74A /* Products */ = {
			isa = PBXGroup;
			children = (
				005DB64527A6D15000A0C74A /* RackController-Client.app */,
				005DB64B27A6D15000A0C74A /* RackController-Client.app */,
			);
			name = Products;
			sourceTree = "<group>";
		};
		005DB64C27A6D15000A0C74A /* macOS */ = {
			isa = PBXGroup;
			children = (
				005DB64D27A6D15000A0C74A /* macOS.entitlements */,
			);
			path = macOS;
			sourceTree = "<group>";
		};
		005DB65C27A6D56000A0C74A /* Views */ = {
			isa = PBXGroup;
			children = (
				005DB65D27A6D57500A0C74A /* InfraView */,
				005DB63F27A6D14E00A0C74A /* AppView.swift */,
				005DB66527A6DA8200A0C74A /* HomeView.swift */,
			);
			path = Views;
			sourceTree = "<group>";
		};
		005DB65D27A6D57500A0C74A /* InfraView */ = {
			isa = PBXGroup;
			children = (
				005DB66F27A6F5A300A0C74A /* ServerConfigurationEditView.swift */,
				005DB65E27A6D5C700A0C74A /* InfraView.swift */,
			);
			path = InfraView;
			sourceTree = "<group>";
		};
		005DB66027A6D5FB00A0C74A /* Services */ = {
			isa = PBXGroup;
			children = (
				005DB66127A6D71400A0C74A /* RackController */,
			);
			path = Services;
			sourceTree = "<group>";
		};
		005DB66127A6D71400A0C74A /* RackController */ = {
			isa = PBXGroup;
			children = (
				005DB66227A6D91500A0C74A /* AuthenticationClient.swift */,
			);
			path = RackController;
			sourceTree = "<group>";
		};
		005DB66827A6DD7200A0C74A /* Config */ = {
			isa = PBXGroup;
			children = (
				005DB66927A6DD8D00A0C74A /* ServerSettings.swift */,
				005DB66C27A6EF9100A0C74A /* Configuration.swift */,
			);
			path = Config;
			sourceTree = "<group>";
		};
/* End PBXGroup section */

/* Begin PBXNativeTarget section */
		005DB64427A6D15000A0C74A /* RackController-Client (iOS) */ = {
			isa = PBXNativeTarget;
			buildConfigurationList = 005DB65627A6D15000A0C74A /* Build configuration list for PBXNativeTarget "RackController-Client (iOS)" */;
			buildPhases = (
				005DB64127A6D15000A0C74A /* Sources */,
				005DB64227A6D15000A0C74A /* Frameworks */,
				005DB64327A6D15000A0C74A /* Resources */,
			);
			buildRules = (
			);
			dependencies = (
			);
			name = "RackController-Client (iOS)";
			productName = "RackController-Client (iOS)";
			productReference = 005DB64527A6D15000A0C74A /* RackController-Client.app */;
			productType = "com.apple.product-type.application";
		};
		005DB64A27A6D15000A0C74A /* RackController-Client (macOS) */ = {
			isa = PBXNativeTarget;
			buildConfigurationList = 005DB65927A6D15000A0C74A /* Build configuration list for PBXNativeTarget "RackController-Client (macOS)" */;
			buildPhases = (
				005DB64727A6D15000A0C74A /* Sources */,
				005DB64827A6D15000A0C74A /* Frameworks */,
				005DB64927A6D15000A0C74A /* Resources */,
			);
			buildRules = (
			);
			dependencies = (
			);
			name = "RackController-Client (macOS)";
			productName = "RackController-Client (macOS)";
			productReference = 005DB64B27A6D15000A0C74A /* RackController-Client.app */;
			productType = "com.apple.product-type.application";
		};
/* End PBXNativeTarget section */

/* Begin PBXProject section */
		005DB63927A6D14E00A0C74A /* Project object */ = {
			isa = PBXProject;
			attributes = {
				BuildIndependentTargetsInParallel = 1;
				LastSwiftUpdateCheck = 1320;
				LastUpgradeCheck = 1320;
				TargetAttributes = {
					005DB64427A6D15000A0C74A = {
						CreatedOnToolsVersion = 13.2;
					};
					005DB64A27A6D15000A0C74A = {
						CreatedOnToolsVersion = 13.2;
					};
				};
			};
			buildConfigurationList = 005DB63C27A6D14E00A0C74A /* Build configuration list for PBXProject "RackController-Client" */;
			compatibilityVersion = "Xcode 13.0";
			developmentRegion = en;
			hasScannedForEncodings = 0;
			knownRegions = (
				en,
				Base,
			);
			mainGroup = 005DB63827A6D14E00A0C74A;
			productRefGroup = 005DB64627A6D15000A0C74A /* Products */;
			projectDirPath = "";
			projectRoot = "";
			targets = (
				005DB64427A6D15000A0C74A /* RackController-Client (iOS) */,
				005DB64A27A6D15000A0C74A /* RackController-Client (macOS) */,
			);
		};
/* End PBXProject section */

/* Begin PBXResourcesBuildPhase section */
		005DB64327A6D15000A0C74A /* Resources */ = {
			isa = PBXResourcesBuildPhase;
			buildActionMask = 2147483647;
			files = (
				005DB65227A6D15000A0C74A /* Assets.xcassets in Resources */,
			);
			runOnlyForDeploymentPostprocessing = 0;
		};
		005DB64927A6D15000A0C74A /* Resources */ = {
			isa = PBXResourcesBuildPhase;
			buildActionMask = 2147483647;
			files = (
				005DB65327A6D15000A0C74A /* Assets.xcassets in Resources */,
			);
			runOnlyForDeploymentPostprocessing = 0;
		};
/* End PBXResourcesBuildPhase section */

/* Begin PBXSourcesBuildPhase section */
		005DB64127A6D15000A0C74A /* Sources */ = {
			isa = PBXSourcesBuildPhase;
			buildActionMask = 2147483647;
			files = (
				005DB66A27A6DD8D00A0C74A /* ServerSettings.swift in Sources */,
				005DB66327A6D91500A0C74A /* AuthenticationClient.swift in Sources */,
				005DB65027A6D15000A0C74A /* AppView.swift in Sources */,
				005DB67027A6F5A300A0C74A /* ServerConfigurationEditView.swift in Sources */,
				005DB65F27A6D5C700A0C74A /* InfraView.swift in Sources */,
				005DB66627A6DA8200A0C74A /* HomeView.swift in Sources */,
				005DB64E27A6D15000A0C74A /* RackController_ClientApp.swift in Sources */,
			);
			runOnlyForDeploymentPostprocessing = 0;
		};
		005DB64727A6D15000A0C74A /* Sources */ = {
			isa = PBXSourcesBuildPhase;
			buildActionMask = 2147483647;
			files = (
				005DB65127A6D15000A0C74A /* AppView.swift in Sources */,
				005DB66727A6DA8200A0C74A /* HomeView.swift in Sources */,
				005DB66427A6D91500A0C74A /* AuthenticationClient.swift in Sources */,
				005DB64F27A6D15000A0C74A /* RackController_ClientApp.swift in Sources */,
				005DB66B27A6DD8D00A0C74A /* ServerSettings.swift in Sources */,
			);
			runOnlyForDeploymentPostprocessing = 0;
		};
/* End PBXSourcesBuildPhase section */

/* Begin XCBuildConfiguration section */
		005DB65427A6D15000A0C74A /* Debug */ = {
			isa = XCBuildConfiguration;
			buildSettings = {
				ALWAYS_SEARCH_USER_PATHS = NO;
				CLANG_ANALYZER_NONNULL = YES;
				CLANG_ANALYZER_NUMBER_OBJECT_CONVERSION = YES_AGGRESSIVE;
				CLANG_CXX_LANGUAGE_STANDARD = "gnu++17";
				CLANG_CXX_LIBRARY = "libc++";
				CLANG_ENABLE_MODULES = YES;
				CLANG_ENABLE_OBJC_ARC = YES;
				CLANG_ENABLE_OBJC_WEAK = YES;
				CLANG_WARN_BLOCK_CAPTURE_AUTORELEASING = YES;
				CLANG_WARN_BOOL_CONVERSION = YES;
				CLANG_WARN_COMMA = YES;
				CLANG_WARN_CONSTANT_CONVERSION = YES;
				CLANG_WARN_DEPRECATED_OBJC_IMPLEMENTATIONS = YES;
				CLANG_WARN_DIRECT_OBJC_ISA_USAGE = YES_ERROR;
				CLANG_WARN_DOCUMENTATION_COMMENTS = YES;
				CLANG_WARN_EMPTY_BODY = YES;
				CLANG_WARN_ENUM_CONVERSION = YES;
				CLANG_WARN_INFINITE_RECURSION = YES;
				CLANG_WARN_INT_CONVERSION = YES;
				CLANG_WARN_NON_LITERAL_NULL_CONVERSION = YES;
				CLANG_WARN_OBJC_IMPLICIT_RETAIN_SELF = YES;
				CLANG_WARN_OBJC_LITERAL_CONVERSION = YES;
				CLANG_WARN_OBJC_ROOT_CLASS = YES_ERROR;
				CLANG_WARN_QUOTED_INCLUDE_IN_FRAMEWORK_HEADER = YES;
				CLANG_WARN_RANGE_LOOP_ANALYSIS = YES;
				CLANG_WARN_STRICT_PROTOTYPES = YES;
				CLANG_WARN_SUSPICIOUS_MOVE = YES;
				CLANG_WARN_UNGUARDED_AVAILABILITY = YES_AGGRESSIVE;
				CLANG_WARN_UNREACHABLE_CODE = YES;
				CLANG_WARN__DUPLICATE_METHOD_MATCH = YES;
				COPY_PHASE_STRIP = NO;
				DEBUG_INFORMATION_FORMAT = dwarf;
				ENABLE_STRICT_OBJC_MSGSEND = YES;
				ENABLE_TESTABILITY = YES;
				GCC_C_LANGUAGE_STANDARD = gnu11;
				GCC_DYNAMIC_NO_PIC = NO;
				GCC_NO_COMMON_BLOCKS = YES;
				GCC_OPTIMIZATION_LEVEL = 0;
				GCC_PREPROCESSOR_DEFINITIONS = (
					"DEBUG=1",
					"$(inherited)",
				);
				GCC_WARN_64_TO_32_BIT_CONVERSION = YES;
				GCC_WARN_ABOUT_RETURN_TYPE = YES_ERROR;
				GCC_WARN_UNDECLARED_SELECTOR = YES;
				GCC_WARN_UNINITIALIZED_AUTOS = YES_AGGRESSIVE;
				GCC_WARN_UNUSED_FUNCTION = YES;
				GCC_WARN_UNUSED_VARIABLE = YES;
				MTL_ENABLE_DEBUG_INFO = INCLUDE_SOURCE;
				MTL_FAST_MATH = YES;
				ONLY_ACTIVE_ARCH = YES;
				SWIFT_ACTIVE_COMPILATION_CONDITIONS = DEBUG;
				SWIFT_OPTIMIZATION_LEVEL = "-Onone";
			};
			name = Debug;
		};
		005DB65527A6D15000A0C74A /* Release */ = {
			isa = XCBuildConfiguration;
			buildSettings = {
				ALWAYS_SEARCH_USER_PATHS = NO;
				CLANG_ANALYZER_NONNULL = YES;
				CLANG_ANALYZER_NUMBER_OBJECT_CONVERSION = YES_AGGRESSIVE;
				CLANG_CXX_LANGUAGE_STANDARD = "gnu++17";
				CLANG_CXX_LIBRARY = "libc++";
				CLANG_ENABLE_MODULES = YES;
				CLANG_ENABLE_OBJC_ARC = YES;
				CLANG_ENABLE_OBJC_WEAK = YES;
				CLANG_WARN_BLOCK_CAPTURE_AUTORELEASING = YES;
				CLANG_WARN_BOOL_CONVERSION = YES;
				CLANG_WARN_COMMA = YES;
				CLANG_WARN_CONSTANT_CONVERSION = YES;
				CLANG_WARN_DEPRECATED_OBJC_IMPLEMENTATIONS = YES;
				CLANG_WARN_DIRECT_OBJC_ISA_USAGE = YES_ERROR;
				CLANG_WARN_DOCUMENTATION_COMMENTS = YES;
				CLANG_WARN_EMPTY_BODY = YES;
				CLANG_WARN_ENUM_CONVERSION = YES;
				CLANG_WARN_INFINITE_RECURSION = YES;
				CLANG_WARN_INT_CONVERSION = YES;
				CLANG_WARN_NON_LITERAL_NULL_CONVERSION = YES;
				CLANG_WARN_OBJC_IMPLICIT_RETAIN_SELF = YES;
				CLANG_WARN_OBJC_LITERAL_CONVERSION = YES;
				CLANG_WARN_OBJC_ROOT_CLASS = YES_ERROR;
				CLANG_WARN_QUOTED_INCLUDE_IN_FRAMEWORK_HEADER = YES;
				CLANG_WARN_RANGE_LOOP_ANALYSIS = YES;
				CLANG_WARN_STRICT_PROTOTYPES = YES;
				CLANG_WARN_SUSPICIOUS_MOVE = YES;
				CLANG_WARN_UNGUARDED_AVAILABILITY = YES_AGGRESSIVE;
				CLANG_WARN_UNREACHABLE_CODE = YES;
				CLANG_WARN__DUPLICATE_METHOD_MATCH = YES;
				COPY_PHASE_STRIP = NO;
				DEBUG_INFORMATION_FORMAT = "dwarf-with-dsym";
				ENABLE_NS_ASSERTIONS = NO;
				ENABLE_STRICT_OBJC_MSGSEND = YES;
				GCC_C_LANGUAGE_STANDARD = gnu11;
				GCC_NO_COMMON_BLOCKS = YES;
				GCC_WARN_64_TO_32_BIT_CONVERSION = YES;
				GCC_WARN_ABOUT_RETURN_TYPE = YES_ERROR;
				GCC_WARN_UNDECLARED_SELECTOR = YES;
				GCC_WARN_UNINITIALIZED_AUTOS = YES_AGGRESSIVE;
				GCC_WARN_UNUSED_FUNCTION = YES;
				GCC_WARN_UNUSED_VARIABLE = YES;
				MTL_ENABLE_DEBUG_INFO = NO;
				MTL_FAST_MATH = YES;
				SWIFT_COMPILATION_MODE = wholemodule;
				SWIFT_OPTIMIZATION_LEVEL = "-O";
			};
			name = Release;
		};
		005DB65727A6D15000A0C74A /* Debug */ = {
			isa = XCBuildConfiguration;
			buildSettings = {
				ASSETCATALOG_COMPILER_APPICON_NAME = AppIcon;
				ASSETCATALOG_COMPILER_GLOBAL_ACCENT_COLOR_NAME = AccentColor;
				CODE_SIGN_STYLE = Automatic;
				CURRENT_PROJECT_VERSION = 1;
				DEVELOPMENT_TEAM = USWJAJULN9;
				ENABLE_PREVIEWS = YES;
				GENERATE_INFOPLIST_FILE = YES;
				INFOPLIST_KEY_UIApplicationSceneManifest_Generation = YES;
				INFOPLIST_KEY_UIApplicationSupportsIndirectInputEvents = YES;
				INFOPLIST_KEY_UILaunchScreen_Generation = YES;
				INFOPLIST_KEY_UISupportedInterfaceOrientations_iPad = "UIInterfaceOrientationPortrait UIInterfaceOrientationPortraitUpsideDown UIInterfaceOrientationLandscapeLeft UIInterfaceOrientationLandscapeRight";
				INFOPLIST_KEY_UISupportedInterfaceOrientations_iPhone = "UIInterfaceOrientationPortrait UIInterfaceOrientationLandscapeLeft UIInterfaceOrientationLandscapeRight";
				IPHONEOS_DEPLOYMENT_TARGET = 15.2;
				LD_RUNPATH_SEARCH_PATHS = (
					"$(inherited)",
					"@executable_path/Frameworks",
				);
				MARKETING_VERSION = 1.0;
				PRODUCT_BUNDLE_IDENTIFIER = "fr.adinunno.RackController-Client";
				PRODUCT_NAME = "RackController-Client";
				SDKROOT = iphoneos;
				SWIFT_EMIT_LOC_STRINGS = YES;
				SWIFT_VERSION = 5.0;
				TARGETED_DEVICE_FAMILY = "1,2";
			};
			name = Debug;
		};
		005DB65827A6D15000A0C74A /* Release */ = {
			isa = XCBuildConfiguration;
			buildSettings = {
				ASSETCATALOG_COMPILER_APPICON_NAME = AppIcon;
				ASSETCATALOG_COMPILER_GLOBAL_ACCENT_COLOR_NAME = AccentColor;
				CODE_SIGN_STYLE = Automatic;
				CURRENT_PROJECT_VERSION = 1;
				DEVELOPMENT_TEAM = USWJAJULN9;
				ENABLE_PREVIEWS = YES;
				GENERATE_INFOPLIST_FILE = YES;
				INFOPLIST_KEY_UIApplicationSceneManifest_Generation = YES;
				INFOPLIST_KEY_UIApplicationSupportsIndirectInputEvents = YES;
				INFOPLIST_KEY_UILaunchScreen_Generation = YES;
				INFOPLIST_KEY_UISupportedInterfaceOrientations_iPad = "UIInterfaceOrientationPortrait UIInterfaceOrientationPortraitUpsideDown UIInterfaceOrientationLandscapeLeft UIInterfaceOrientationLandscapeRight";
				INFOPLIST_KEY_UISupportedInterfaceOrientations_iPhone = "UIInterfaceOrientationPortrait UIInterfaceOrientationLandscapeLeft UIInterfaceOrientationLandscapeRight";
				IPHONEOS_DEPLOYMENT_TARGET = 15.2;
				LD_RUNPATH_SEARCH_PATHS = (
					"$(inherited)",
					"@executable_path/Frameworks",
				);
				MARKETING_VERSION = 1.0;
				PRODUCT_BUNDLE_IDENTIFIER = "fr.adinunno.RackController-Client";
				PRODUCT_NAME = "RackController-Client";
				SDKROOT = iphoneos;
				SWIFT_EMIT_LOC_STRINGS = YES;
				SWIFT_VERSION = 5.0;
				TARGETED_DEVICE_FAMILY = "1,2";
				VALIDATE_PRODUCT = YES;
			};
			name = Release;
		};
		005DB65A27A6D15000A0C74A /* Debug */ = {
			isa = XCBuildConfiguration;
			buildSettings = {
				ASSETCATALOG_COMPILER_APPICON_NAME = AppIcon;
				ASSETCATALOG_COMPILER_GLOBAL_ACCENT_COLOR_NAME = AccentColor;
				CODE_SIGN_ENTITLEMENTS = macOS/macOS.entitlements;
				CODE_SIGN_STYLE = Automatic;
				COMBINE_HIDPI_IMAGES = YES;
				CURRENT_PROJECT_VERSION = 1;
				DEVELOPMENT_TEAM = USWJAJULN9;
				ENABLE_HARDENED_RUNTIME = YES;
				ENABLE_PREVIEWS = YES;
				GENERATE_INFOPLIST_FILE = YES;
				INFOPLIST_KEY_NSHumanReadableCopyright = "";
				LD_RUNPATH_SEARCH_PATHS = (
					"$(inherited)",
					"@executable_path/../Frameworks",
				);
				MACOSX_DEPLOYMENT_TARGET = 12.1;
				MARKETING_VERSION = 1.0;
				PRODUCT_BUNDLE_IDENTIFIER = "fr.adinunno.RackController-Client";
				PRODUCT_NAME = "RackController-Client";
				SDKROOT = macosx;
				SWIFT_EMIT_LOC_STRINGS = YES;
				SWIFT_VERSION = 5.0;
			};
			name = Debug;
		};
		005DB65B27A6D15000A0C74A /* Release */ = {
			isa = XCBuildConfiguration;
			buildSettings = {
				ASSETCATALOG_COMPILER_APPICON_NAME = AppIcon;
				ASSETCATALOG_COMPILER_GLOBAL_ACCENT_COLOR_NAME = AccentColor;
				CODE_SIGN_ENTITLEMENTS = macOS/macOS.entitlements;
				CODE_SIGN_STYLE = Automatic;
				COMBINE_HIDPI_IMAGES = YES;
				CURRENT_PROJECT_VERSION = 1;
				DEVELOPMENT_TEAM = USWJAJULN9;
				ENABLE_HARDENED_RUNTIME = YES;
				ENABLE_PREVIEWS = YES;
				GENERATE_INFOPLIST_FILE = YES;
				INFOPLIST_KEY_NSHumanReadableCopyright = "";
				LD_RUNPATH_SEARCH_PATHS = (
					"$(inherited)",
					"@executable_path/../Frameworks",
				);
				MACOSX_DEPLOYMENT_TARGET = 12.1;
				MARKETING_VERSION = 1.0;
				PRODUCT_BUNDLE_IDENTIFIER = "fr.adinunno.RackController-Client";
				PRODUCT_NAME = "RackController-Client";
				SDKROOT = macosx;
				SWIFT_EMIT_LOC_STRINGS = YES;
				SWIFT_VERSION = 5.0;
			};
			name = Release;
		};
/* End XCBuildConfiguration section */

/* Begin XCConfigurationList section */
		005DB63C27A6D14E00A0C74A /* Build configuration list for PBXProject "RackController-Client" */ = {
			isa = XCConfigurationList;
			buildConfigurations = (
				005DB65427A6D15000A0C74A /* Debug */,
				005DB65527A6D15000A0C74A /* Release */,
			);
			defaultConfigurationIsVisible = 0;
			defaultConfigurationName = Release;
		};
		005DB65627A6D15000A0C74A /* Build configuration list for PBXNativeTarget "RackController-Client (iOS)" */ = {
			isa = XCConfigurationList;
			buildConfigurations = (
				005DB65727A6D15000A0C74A /* Debug */,
				005DB65827A6D15000A0C74A /* Release */,
			);
			defaultConfigurationIsVisible = 0;
			defaultConfigurationName = Release;
		};
		005DB65927A6D15000A0C74A /* Build configuration list for PBXNativeTarget "RackController-Client (macOS)" */ = {
			isa = XCConfigurationList;
			buildConfigurations = (
				005DB65A27A6D15000A0C74A /* Debug */,
				005DB65B27A6D15000A0C74A /* Release */,
			);
			defaultConfigurationIsVisible = 0;
			defaultConfigurationName = Release;
		};
/* End XCConfigurationList section */
	};
	rootObject = 005DB63927A6D14E00A0C74A /* Project object */;
}
