// !$*UTF8*$!
{
	archiveVersion = 1;
	classes = {
	};
	objectVersion = 55;
	objects = {

/* Begin PBXBuildFile section */
		00C91E4227AB132700A38098 /* rackcontroller_clientApp.swift in Sources */ = {isa = PBXBuildFile; fileRef = 00C91E3227AB132500A38098 /* rackcontroller_clientApp.swift */; };
		00C91E4327AB132700A38098 /* rackcontroller_clientApp.swift in Sources */ = {isa = PBXBuildFile; fileRef = 00C91E3227AB132500A38098 /* rackcontroller_clientApp.swift */; };
		00C91E4427AB132700A38098 /* ContentView.swift in Sources */ = {isa = PBXBuildFile; fileRef = 00C91E3327AB132500A38098 /* ContentView.swift */; };
		00C91E4527AB132700A38098 /* ContentView.swift in Sources */ = {isa = PBXBuildFile; fileRef = 00C91E3327AB132500A38098 /* ContentView.swift */; };
		00C91E4627AB132700A38098 /* Assets.xcassets in Resources */ = {isa = PBXBuildFile; fileRef = 00C91E3427AB132700A38098 /* Assets.xcassets */; };
		00C91E4727AB132700A38098 /* Assets.xcassets in Resources */ = {isa = PBXBuildFile; fileRef = 00C91E3427AB132700A38098 /* Assets.xcassets */; };
		00C91E5527AB140100A38098 /* Configuration.swift in Sources */ = {isa = PBXBuildFile; fileRef = 00C91E5427AB140100A38098 /* Configuration.swift */; };
		00C91E5727AB140A00A38098 /* ServerSettings.swift in Sources */ = {isa = PBXBuildFile; fileRef = 00C91E5627AB140A00A38098 /* ServerSettings.swift */; };
		00C91E5A27AB142A00A38098 /* AuthenticationClient.swift in Sources */ = {isa = PBXBuildFile; fileRef = 00C91E5927AB142A00A38098 /* AuthenticationClient.swift */; };
		00C91E5C27AB143500A38098 /* AppView.swift in Sources */ = {isa = PBXBuildFile; fileRef = 00C91E5B27AB143500A38098 /* AppView.swift */; };
		00C91E5E27AB143B00A38098 /* HomeView.swift in Sources */ = {isa = PBXBuildFile; fileRef = 00C91E5D27AB143B00A38098 /* HomeView.swift */; };
		00C91E6327AB148D00A38098 /* InfraView.swift in Sources */ = {isa = PBXBuildFile; fileRef = 00C91E6227AB148D00A38098 /* InfraView.swift */; };
		00C91E6527AB149800A38098 /* ServerConfigurationEditView.swift in Sources */ = {isa = PBXBuildFile; fileRef = 00C91E6427AB149800A38098 /* ServerConfigurationEditView.swift */; };
		00C91E6627AB165900A38098 /* Configuration.swift in Sources */ = {isa = PBXBuildFile; fileRef = 00C91E5427AB140100A38098 /* Configuration.swift */; };
		00C91E6727AB166200A38098 /* ServerSettings.swift in Sources */ = {isa = PBXBuildFile; fileRef = 00C91E5627AB140A00A38098 /* ServerSettings.swift */; };
		00C91E6827AB169300A38098 /* AuthenticationClient.swift in Sources */ = {isa = PBXBuildFile; fileRef = 00C91E5927AB142A00A38098 /* AuthenticationClient.swift */; };
		00C91E6927AB170200A38098 /* AppView.swift in Sources */ = {isa = PBXBuildFile; fileRef = 00C91E5B27AB143500A38098 /* AppView.swift */; };
		00C91E6A27AB170900A38098 /* HomeView.swift in Sources */ = {isa = PBXBuildFile; fileRef = 00C91E5D27AB143B00A38098 /* HomeView.swift */; };
		00C91E6B27AB171200A38098 /* InfraView.swift in Sources */ = {isa = PBXBuildFile; fileRef = 00C91E6227AB148D00A38098 /* InfraView.swift */; };
		00C91E6C27AB171500A38098 /* ServerConfigurationEditView.swift in Sources */ = {isa = PBXBuildFile; fileRef = 00C91E6427AB149800A38098 /* ServerConfigurationEditView.swift */; };
/* End PBXBuildFile section */

/* Begin PBXFileReference section */
		00C91E3227AB132500A38098 /* rackcontroller_clientApp.swift */ = {isa = PBXFileReference; lastKnownFileType = sourcecode.swift; path = rackcontroller_clientApp.swift; sourceTree = "<group>"; };
		00C91E3327AB132500A38098 /* ContentView.swift */ = {isa = PBXFileReference; lastKnownFileType = sourcecode.swift; path = ContentView.swift; sourceTree = "<group>"; };
		00C91E3427AB132700A38098 /* Assets.xcassets */ = {isa = PBXFileReference; lastKnownFileType = folder.assetcatalog; path = Assets.xcassets; sourceTree = "<group>"; };
		00C91E3927AB132700A38098 /* rackcontroller-client.app */ = {isa = PBXFileReference; explicitFileType = wrapper.application; includeInIndex = 0; path = "rackcontroller-client.app"; sourceTree = BUILT_PRODUCTS_DIR; };
		00C91E3F27AB132700A38098 /* rackcontroller-client.app */ = {isa = PBXFileReference; explicitFileType = wrapper.application; includeInIndex = 0; path = "rackcontroller-client.app"; sourceTree = BUILT_PRODUCTS_DIR; };
		00C91E4127AB132700A38098 /* macOS.entitlements */ = {isa = PBXFileReference; lastKnownFileType = text.plist.entitlements; path = macOS.entitlements; sourceTree = "<group>"; };
		00C91E5427AB140100A38098 /* Configuration.swift */ = {isa = PBXFileReference; lastKnownFileType = sourcecode.swift; path = Configuration.swift; sourceTree = "<group>"; };
		00C91E5627AB140A00A38098 /* ServerSettings.swift */ = {isa = PBXFileReference; lastKnownFileType = sourcecode.swift; path = ServerSettings.swift; sourceTree = "<group>"; };
		00C91E5927AB142A00A38098 /* AuthenticationClient.swift */ = {isa = PBXFileReference; lastKnownFileType = sourcecode.swift; path = AuthenticationClient.swift; sourceTree = "<group>"; };
		00C91E5B27AB143500A38098 /* AppView.swift */ = {isa = PBXFileReference; lastKnownFileType = sourcecode.swift; path = AppView.swift; sourceTree = "<group>"; };
		00C91E5D27AB143B00A38098 /* HomeView.swift */ = {isa = PBXFileReference; lastKnownFileType = sourcecode.swift; path = HomeView.swift; sourceTree = "<group>"; };
		00C91E6227AB148D00A38098 /* InfraView.swift */ = {isa = PBXFileReference; lastKnownFileType = sourcecode.swift; path = InfraView.swift; sourceTree = "<group>"; };
		00C91E6427AB149800A38098 /* ServerConfigurationEditView.swift */ = {isa = PBXFileReference; lastKnownFileType = sourcecode.swift; path = ServerConfigurationEditView.swift; sourceTree = "<group>"; };
/* End PBXFileReference section */

/* Begin PBXFrameworksBuildPhase section */
		00C91E3627AB132700A38098 /* Frameworks */ = {
			isa = PBXFrameworksBuildPhase;
			buildActionMask = 2147483647;
			files = (
			);
			runOnlyForDeploymentPostprocessing = 0;
		};
		00C91E3C27AB132700A38098 /* Frameworks */ = {
			isa = PBXFrameworksBuildPhase;
			buildActionMask = 2147483647;
			files = (
			);
			runOnlyForDeploymentPostprocessing = 0;
		};
/* End PBXFrameworksBuildPhase section */

/* Begin PBXGroup section */
		00C91E2C27AB132500A38098 = {
			isa = PBXGroup;
			children = (
				00C91E3127AB132500A38098 /* Shared */,
				00C91E4027AB132700A38098 /* macOS */,
				00C91E3A27AB132700A38098 /* Products */,
			);
			sourceTree = "<group>";
		};
		00C91E3127AB132500A38098 /* Shared */ = {
			isa = PBXGroup;
			children = (
				00C91E5327AB136D00A38098 /* View */,
				00C91E5227AB136800A38098 /* Services */,
				00C91E5127AB136200A38098 /* Config */,
				00C91E5027AB135700A38098 /* Component */,
				00C91E3227AB132500A38098 /* rackcontroller_clientApp.swift */,
				00C91E3327AB132500A38098 /* ContentView.swift */,
				00C91E3427AB132700A38098 /* Assets.xcassets */,
			);
			path = Shared;
			sourceTree = "<group>";
		};
		00C91E3A27AB132700A38098 /* Products */ = {
			isa = PBXGroup;
			children = (
				00C91E3927AB132700A38098 /* rackcontroller-client.app */,
				00C91E3F27AB132700A38098 /* rackcontroller-client.app */,
			);
			name = Products;
			sourceTree = "<group>";
		};
		00C91E4027AB132700A38098 /* macOS */ = {
			isa = PBXGroup;
			children = (
				00C91E4127AB132700A38098 /* macOS.entitlements */,
			);
			path = macOS;
			sourceTree = "<group>";
		};
		00C91E5027AB135700A38098 /* Component */ = {
			isa = PBXGroup;
			children = (
			);
			path = Component;
			sourceTree = "<group>";
		};
		00C91E5127AB136200A38098 /* Config */ = {
			isa = PBXGroup;
			children = (
				00C91E5427AB140100A38098 /* Configuration.swift */,
				00C91E5627AB140A00A38098 /* ServerSettings.swift */,
			);
			path = Config;
			sourceTree = "<group>";
		};
		00C91E5227AB136800A38098 /* Services */ = {
			isa = PBXGroup;
			children = (
				00C91E5827AB141600A38098 /* RackController */,
			);
			path = Services;
			sourceTree = "<group>";
		};
		00C91E5327AB136D00A38098 /* View */ = {
			isa = PBXGroup;
			children = (
				00C91E5F27AB144400A38098 /* InfraView */,
				00C91E5B27AB143500A38098 /* AppView.swift */,
				00C91E5D27AB143B00A38098 /* HomeView.swift */,
			);
			path = View;
			sourceTree = "<group>";
		};
		00C91E5827AB141600A38098 /* RackController */ = {
			isa = PBXGroup;
			children = (
				00C91E5927AB142A00A38098 /* AuthenticationClient.swift */,
			);
			path = RackController;
			sourceTree = "<group>";
		};
		00C91E5F27AB144400A38098 /* InfraView */ = {
			isa = PBXGroup;
			children = (
				00C91E6227AB148D00A38098 /* InfraView.swift */,
				00C91E6427AB149800A38098 /* ServerConfigurationEditView.swift */,
			);
			path = InfraView;
			sourceTree = "<group>";
		};
/* End PBXGroup section */

/* Begin PBXNativeTarget section */
		00C91E3827AB132700A38098 /* rackcontroller-client (iOS) */ = {
			isa = PBXNativeTarget;
			buildConfigurationList = 00C91E4A27AB132700A38098 /* Build configuration list for PBXNativeTarget "rackcontroller-client (iOS)" */;
			buildPhases = (
				00C91E3527AB132700A38098 /* Sources */,
				00C91E3627AB132700A38098 /* Frameworks */,
				00C91E3727AB132700A38098 /* Resources */,
			);
			buildRules = (
			);
			dependencies = (
			);
			name = "rackcontroller-client (iOS)";
			productName = "rackcontroller-client (iOS)";
			productReference = 00C91E3927AB132700A38098 /* rackcontroller-client.app */;
			productType = "com.apple.product-type.application";
		};
		00C91E3E27AB132700A38098 /* rackcontroller-client (macOS) */ = {
			isa = PBXNativeTarget;
			buildConfigurationList = 00C91E4D27AB132700A38098 /* Build configuration list for PBXNativeTarget "rackcontroller-client (macOS)" */;
			buildPhases = (
				00C91E3B27AB132700A38098 /* Sources */,
				00C91E3C27AB132700A38098 /* Frameworks */,
				00C91E3D27AB132700A38098 /* Resources */,
			);
			buildRules = (
			);
			dependencies = (
			);
			name = "rackcontroller-client (macOS)";
			productName = "rackcontroller-client (macOS)";
			productReference = 00C91E3F27AB132700A38098 /* rackcontroller-client.app */;
			productType = "com.apple.product-type.application";
		};
/* End PBXNativeTarget section */

/* Begin PBXProject section */
		00C91E2D27AB132500A38098 /* Project object */ = {
			isa = PBXProject;
			attributes = {
				BuildIndependentTargetsInParallel = 1;
				LastSwiftUpdateCheck = 1320;
				LastUpgradeCheck = 1320;
				TargetAttributes = {
					00C91E3827AB132700A38098 = {
						CreatedOnToolsVersion = 13.2;
					};
					00C91E3E27AB132700A38098 = {
						CreatedOnToolsVersion = 13.2;
					};
				};
			};
			buildConfigurationList = 00C91E3027AB132500A38098 /* Build configuration list for PBXProject "rackcontroller-client" */;
			compatibilityVersion = "Xcode 13.0";
			developmentRegion = en;
			hasScannedForEncodings = 0;
			knownRegions = (
				en,
				Base,
			);
			mainGroup = 00C91E2C27AB132500A38098;
			productRefGroup = 00C91E3A27AB132700A38098 /* Products */;
			projectDirPath = "";
			projectRoot = "";
			targets = (
				00C91E3827AB132700A38098 /* rackcontroller-client (iOS) */,
				00C91E3E27AB132700A38098 /* rackcontroller-client (macOS) */,
			);
		};
/* End PBXProject section */

/* Begin PBXResourcesBuildPhase section */
		00C91E3727AB132700A38098 /* Resources */ = {
			isa = PBXResourcesBuildPhase;
			buildActionMask = 2147483647;
			files = (
				00C91E4627AB132700A38098 /* Assets.xcassets in Resources */,
			);
			runOnlyForDeploymentPostprocessing = 0;
		};
		00C91E3D27AB132700A38098 /* Resources */ = {
			isa = PBXResourcesBuildPhase;
			buildActionMask = 2147483647;
			files = (
				00C91E4727AB132700A38098 /* Assets.xcassets in Resources */,
			);
			runOnlyForDeploymentPostprocessing = 0;
		};
/* End PBXResourcesBuildPhase section */

/* Begin PBXSourcesBuildPhase section */
		00C91E3527AB132700A38098 /* Sources */ = {
			isa = PBXSourcesBuildPhase;
			buildActionMask = 2147483647;
			files = (
				00C91E6527AB149800A38098 /* ServerConfigurationEditView.swift in Sources */,
				00C91E5A27AB142A00A38098 /* AuthenticationClient.swift in Sources */,
				00C91E6327AB148D00A38098 /* InfraView.swift in Sources */,
				00C91E5E27AB143B00A38098 /* HomeView.swift in Sources */,
				00C91E5527AB140100A38098 /* Configuration.swift in Sources */,
				00C91E5C27AB143500A38098 /* AppView.swift in Sources */,
				00C91E4427AB132700A38098 /* ContentView.swift in Sources */,
				00C91E4227AB132700A38098 /* rackcontroller_clientApp.swift in Sources */,
				00C91E5727AB140A00A38098 /* ServerSettings.swift in Sources */,
			);
			runOnlyForDeploymentPostprocessing = 0;
		};
		00C91E3B27AB132700A38098 /* Sources */ = {
			isa = PBXSourcesBuildPhase;
			buildActionMask = 2147483647;
			files = (
				00C91E6827AB169300A38098 /* AuthenticationClient.swift in Sources */,
				00C91E6A27AB170900A38098 /* HomeView.swift in Sources */,
				00C91E6627AB165900A38098 /* Configuration.swift in Sources */,
				00C91E6C27AB171500A38098 /* ServerConfigurationEditView.swift in Sources */,
				00C91E6927AB170200A38098 /* AppView.swift in Sources */,
				00C91E4527AB132700A38098 /* ContentView.swift in Sources */,
				00C91E6B27AB171200A38098 /* InfraView.swift in Sources */,
				00C91E4327AB132700A38098 /* rackcontroller_clientApp.swift in Sources */,
				00C91E6727AB166200A38098 /* ServerSettings.swift in Sources */,
			);
			runOnlyForDeploymentPostprocessing = 0;
		};
/* End PBXSourcesBuildPhase section */

/* Begin XCBuildConfiguration section */
		00C91E4827AB132700A38098 /* Debug */ = {
			isa = XCBuildConfiguration;
			buildSettings = {
				ALWAYS_SEARCH_USER_PATHS = NO;
				CLANG_ANALYZER_NONNULL = YES;
				CLANG_ANALYZER_NUMBER_OBJECT_CONVERSION = YES_AGGRESSIVE;
				CLANG_CXX_LANGUAGE_STANDARD = "gnu++17";
				CLANG_CXX_LIBRARY = "libc++";
				CLANG_ENABLE_MODULES = YES;
				CLANG_ENABLE_OBJC_ARC = YES;
				CLANG_ENABLE_OBJC_WEAK = YES;
				CLANG_WARN_BLOCK_CAPTURE_AUTORELEASING = YES;
				CLANG_WARN_BOOL_CONVERSION = YES;
				CLANG_WARN_COMMA = YES;
				CLANG_WARN_CONSTANT_CONVERSION = YES;
				CLANG_WARN_DEPRECATED_OBJC_IMPLEMENTATIONS = YES;
				CLANG_WARN_DIRECT_OBJC_ISA_USAGE = YES_ERROR;
				CLANG_WARN_DOCUMENTATION_COMMENTS = YES;
				CLANG_WARN_EMPTY_BODY = YES;
				CLANG_WARN_ENUM_CONVERSION = YES;
				CLANG_WARN_INFINITE_RECURSION = YES;
				CLANG_WARN_INT_CONVERSION = YES;
				CLANG_WARN_NON_LITERAL_NULL_CONVERSION = YES;
				CLANG_WARN_OBJC_IMPLICIT_RETAIN_SELF = YES;
				CLANG_WARN_OBJC_LITERAL_CONVERSION = YES;
				CLANG_WARN_OBJC_ROOT_CLASS = YES_ERROR;
				CLANG_WARN_QUOTED_INCLUDE_IN_FRAMEWORK_HEADER = YES;
				CLANG_WARN_RANGE_LOOP_ANALYSIS = YES;
				CLANG_WARN_STRICT_PROTOTYPES = YES;
				CLANG_WARN_SUSPICIOUS_MOVE = YES;
				CLANG_WARN_UNGUARDED_AVAILABILITY = YES_AGGRESSIVE;
				CLANG_WARN_UNREACHABLE_CODE = YES;
				CLANG_WARN__DUPLICATE_METHOD_MATCH = YES;
				COPY_PHASE_STRIP = NO;
				DEBUG_INFORMATION_FORMAT = dwarf;
				ENABLE_STRICT_OBJC_MSGSEND = YES;
				ENABLE_TESTABILITY = YES;
				GCC_C_LANGUAGE_STANDARD = gnu11;
				GCC_DYNAMIC_NO_PIC = NO;
				GCC_NO_COMMON_BLOCKS = YES;
				GCC_OPTIMIZATION_LEVEL = 0;
				GCC_PREPROCESSOR_DEFINITIONS = (
					"DEBUG=1",
					"$(inherited)",
				);
				GCC_WARN_64_TO_32_BIT_CONVERSION = YES;
				GCC_WARN_ABOUT_RETURN_TYPE = YES_ERROR;
				GCC_WARN_UNDECLARED_SELECTOR = YES;
				GCC_WARN_UNINITIALIZED_AUTOS = YES_AGGRESSIVE;
				GCC_WARN_UNUSED_FUNCTION = YES;
				GCC_WARN_UNUSED_VARIABLE = YES;
				MTL_ENABLE_DEBUG_INFO = INCLUDE_SOURCE;
				MTL_FAST_MATH = YES;
				ONLY_ACTIVE_ARCH = YES;
				SWIFT_ACTIVE_COMPILATION_CONDITIONS = DEBUG;
				SWIFT_OPTIMIZATION_LEVEL = "-Onone";
			};
			name = Debug;
		};
		00C91E4927AB132700A38098 /* Release */ = {
			isa = XCBuildConfiguration;
			buildSettings = {
				ALWAYS_SEARCH_USER_PATHS = NO;
				CLANG_ANALYZER_NONNULL = YES;
				CLANG_ANALYZER_NUMBER_OBJECT_CONVERSION = YES_AGGRESSIVE;
				CLANG_CXX_LANGUAGE_STANDARD = "gnu++17";
				CLANG_CXX_LIBRARY = "libc++";
				CLANG_ENABLE_MODULES = YES;
				CLANG_ENABLE_OBJC_ARC = YES;
				CLANG_ENABLE_OBJC_WEAK = YES;
				CLANG_WARN_BLOCK_CAPTURE_AUTORELEASING = YES;
				CLANG_WARN_BOOL_CONVERSION = YES;
				CLANG_WARN_COMMA = YES;
				CLANG_WARN_CONSTANT_CONVERSION = YES;
				CLANG_WARN_DEPRECATED_OBJC_IMPLEMENTATIONS = YES;
				CLANG_WARN_DIRECT_OBJC_ISA_USAGE = YES_ERROR;
				CLANG_WARN_DOCUMENTATION_COMMENTS = YES;
				CLANG_WARN_EMPTY_BODY = YES;
				CLANG_WARN_ENUM_CONVERSION = YES;
				CLANG_WARN_INFINITE_RECURSION = YES;
				CLANG_WARN_INT_CONVERSION = YES;
				CLANG_WARN_NON_LITERAL_NULL_CONVERSION = YES;
				CLANG_WARN_OBJC_IMPLICIT_RETAIN_SELF = YES;
				CLANG_WARN_OBJC_LITERAL_CONVERSION = YES;
				CLANG_WARN_OBJC_ROOT_CLASS = YES_ERROR;
				CLANG_WARN_QUOTED_INCLUDE_IN_FRAMEWORK_HEADER = YES;
				CLANG_WARN_RANGE_LOOP_ANALYSIS = YES;
				CLANG_WARN_STRICT_PROTOTYPES = YES;
				CLANG_WARN_SUSPICIOUS_MOVE = YES;
				CLANG_WARN_UNGUARDED_AVAILABILITY = YES_AGGRESSIVE;
				CLANG_WARN_UNREACHABLE_CODE = YES;
				CLANG_WARN__DUPLICATE_METHOD_MATCH = YES;
				COPY_PHASE_STRIP = NO;
				DEBUG_INFORMATION_FORMAT = "dwarf-with-dsym";
				ENABLE_NS_ASSERTIONS = NO;
				ENABLE_STRICT_OBJC_MSGSEND = YES;
				GCC_C_LANGUAGE_STANDARD = gnu11;
				GCC_NO_COMMON_BLOCKS = YES;
				GCC_WARN_64_TO_32_BIT_CONVERSION = YES;
				GCC_WARN_ABOUT_RETURN_TYPE = YES_ERROR;
				GCC_WARN_UNDECLARED_SELECTOR = YES;
				GCC_WARN_UNINITIALIZED_AUTOS = YES_AGGRESSIVE;
				GCC_WARN_UNUSED_FUNCTION = YES;
				GCC_WARN_UNUSED_VARIABLE = YES;
				MTL_ENABLE_DEBUG_INFO = NO;
				MTL_FAST_MATH = YES;
				SWIFT_COMPILATION_MODE = wholemodule;
				SWIFT_OPTIMIZATION_LEVEL = "-O";
			};
			name = Release;
		};
		00C91E4B27AB132700A38098 /* Debug */ = {
			isa = XCBuildConfiguration;
			buildSettings = {
				ASSETCATALOG_COMPILER_APPICON_NAME = AppIcon;
				ASSETCATALOG_COMPILER_GLOBAL_ACCENT_COLOR_NAME = AccentColor;
				CODE_SIGN_STYLE = Automatic;
				CURRENT_PROJECT_VERSION = 1;
				DEVELOPMENT_TEAM = USWJAJULN9;
				ENABLE_PREVIEWS = YES;
				GENERATE_INFOPLIST_FILE = YES;
				INFOPLIST_KEY_UIApplicationSceneManifest_Generation = YES;
				INFOPLIST_KEY_UIApplicationSupportsIndirectInputEvents = YES;
				INFOPLIST_KEY_UILaunchScreen_Generation = YES;
				INFOPLIST_KEY_UISupportedInterfaceOrientations_iPad = "UIInterfaceOrientationPortrait UIInterfaceOrientationPortraitUpsideDown UIInterfaceOrientationLandscapeLeft UIInterfaceOrientationLandscapeRight";
				INFOPLIST_KEY_UISupportedInterfaceOrientations_iPhone = "UIInterfaceOrientationPortrait UIInterfaceOrientationLandscapeLeft UIInterfaceOrientationLandscapeRight";
				IPHONEOS_DEPLOYMENT_TARGET = 15.2;
				LD_RUNPATH_SEARCH_PATHS = (
					"$(inherited)",
					"@executable_path/Frameworks",
				);
				MARKETING_VERSION = 1.0;
				PRODUCT_BUNDLE_IDENTIFIER = "fr.adinunno.rackcontroller-client";
				PRODUCT_NAME = "rackcontroller-client";
				SDKROOT = iphoneos;
				SWIFT_EMIT_LOC_STRINGS = YES;
				SWIFT_VERSION = 5.0;
				TARGETED_DEVICE_FAMILY = "1,2";
			};
			name = Debug;
		};
		00C91E4C27AB132700A38098 /* Release */ = {
			isa = XCBuildConfiguration;
			buildSettings = {
				ASSETCATALOG_COMPILER_APPICON_NAME = AppIcon;
				ASSETCATALOG_COMPILER_GLOBAL_ACCENT_COLOR_NAME = AccentColor;
				CODE_SIGN_STYLE = Automatic;
				CURRENT_PROJECT_VERSION = 1;
				DEVELOPMENT_TEAM = USWJAJULN9;
				ENABLE_PREVIEWS = YES;
				GENERATE_INFOPLIST_FILE = YES;
				INFOPLIST_KEY_UIApplicationSceneManifest_Generation = YES;
				INFOPLIST_KEY_UIApplicationSupportsIndirectInputEvents = YES;
				INFOPLIST_KEY_UILaunchScreen_Generation = YES;
				INFOPLIST_KEY_UISupportedInterfaceOrientations_iPad = "UIInterfaceOrientationPortrait UIInterfaceOrientationPortraitUpsideDown UIInterfaceOrientationLandscapeLeft UIInterfaceOrientationLandscapeRight";
				INFOPLIST_KEY_UISupportedInterfaceOrientations_iPhone = "UIInterfaceOrientationPortrait UIInterfaceOrientationLandscapeLeft UIInterfaceOrientationLandscapeRight";
				IPHONEOS_DEPLOYMENT_TARGET = 15.2;
				LD_RUNPATH_SEARCH_PATHS = (
					"$(inherited)",
					"@executable_path/Frameworks",
				);
				MARKETING_VERSION = 1.0;
				PRODUCT_BUNDLE_IDENTIFIER = "fr.adinunno.rackcontroller-client";
				PRODUCT_NAME = "rackcontroller-client";
				SDKROOT = iphoneos;
				SWIFT_EMIT_LOC_STRINGS = YES;
				SWIFT_VERSION = 5.0;
				TARGETED_DEVICE_FAMILY = "1,2";
				VALIDATE_PRODUCT = YES;
			};
			name = Release;
		};
		00C91E4E27AB132700A38098 /* Debug */ = {
			isa = XCBuildConfiguration;
			buildSettings = {
				ASSETCATALOG_COMPILER_APPICON_NAME = AppIcon;
				ASSETCATALOG_COMPILER_GLOBAL_ACCENT_COLOR_NAME = AccentColor;
				CODE_SIGN_ENTITLEMENTS = macOS/macOS.entitlements;
				CODE_SIGN_STYLE = Automatic;
				COMBINE_HIDPI_IMAGES = YES;
				CURRENT_PROJECT_VERSION = 1;
				DEVELOPMENT_TEAM = USWJAJULN9;
				ENABLE_HARDENED_RUNTIME = YES;
				ENABLE_PREVIEWS = YES;
				GENERATE_INFOPLIST_FILE = YES;
				INFOPLIST_KEY_NSHumanReadableCopyright = "";
				LD_RUNPATH_SEARCH_PATHS = (
					"$(inherited)",
					"@executable_path/../Frameworks",
				);
				MACOSX_DEPLOYMENT_TARGET = 12.1;
				MARKETING_VERSION = 1.0;
				PRODUCT_BUNDLE_IDENTIFIER = "fr.adinunno.rackcontroller-client";
				PRODUCT_NAME = "rackcontroller-client";
				SDKROOT = macosx;
				SWIFT_EMIT_LOC_STRINGS = YES;
				SWIFT_VERSION = 5.0;
			};
			name = Debug;
		};
		00C91E4F27AB132700A38098 /* Release */ = {
			isa = XCBuildConfiguration;
			buildSettings = {
				ASSETCATALOG_COMPILER_APPICON_NAME = AppIcon;
				ASSETCATALOG_COMPILER_GLOBAL_ACCENT_COLOR_NAME = AccentColor;
				CODE_SIGN_ENTITLEMENTS = macOS/macOS.entitlements;
				CODE_SIGN_STYLE = Automatic;
				COMBINE_HIDPI_IMAGES = YES;
				CURRENT_PROJECT_VERSION = 1;
				DEVELOPMENT_TEAM = USWJAJULN9;
				ENABLE_HARDENED_RUNTIME = YES;
				ENABLE_PREVIEWS = YES;
				GENERATE_INFOPLIST_FILE = YES;
				INFOPLIST_KEY_NSHumanReadableCopyright = "";
				LD_RUNPATH_SEARCH_PATHS = (
					"$(inherited)",
					"@executable_path/../Frameworks",
				);
				MACOSX_DEPLOYMENT_TARGET = 12.1;
				MARKETING_VERSION = 1.0;
				PRODUCT_BUNDLE_IDENTIFIER = "fr.adinunno.rackcontroller-client";
				PRODUCT_NAME = "rackcontroller-client";
				SDKROOT = macosx;
				SWIFT_EMIT_LOC_STRINGS = YES;
				SWIFT_VERSION = 5.0;
			};
			name = Release;
		};
/* End XCBuildConfiguration section */

/* Begin XCConfigurationList section */
		00C91E3027AB132500A38098 /* Build configuration list for PBXProject "rackcontroller-client" */ = {
			isa = XCConfigurationList;
			buildConfigurations = (
				00C91E4827AB132700A38098 /* Debug */,
				00C91E4927AB132700A38098 /* Release */,
			);
			defaultConfigurationIsVisible = 0;
			defaultConfigurationName = Release;
		};
		00C91E4A27AB132700A38098 /* Build configuration list for PBXNativeTarget "rackcontroller-client (iOS)" */ = {
			isa = XCConfigurationList;
			buildConfigurations = (
				00C91E4B27AB132700A38098 /* Debug */,
				00C91E4C27AB132700A38098 /* Release */,
			);
			defaultConfigurationIsVisible = 0;
			defaultConfigurationName = Release;
		};
		00C91E4D27AB132700A38098 /* Build configuration list for PBXNativeTarget "rackcontroller-client (macOS)" */ = {
			isa = XCConfigurationList;
			buildConfigurations = (
				00C91E4E27AB132700A38098 /* Debug */,
				00C91E4F27AB132700A38098 /* Release */,
			);
			defaultConfigurationIsVisible = 0;
			defaultConfigurationName = Release;
		};
/* End XCConfigurationList section */
	};
	rootObject = 00C91E2D27AB132500A38098 /* Project object */;
}
